// !$*UTF8*$!
{
	archiveVersion = 1;
	classes = {
	};
	objectVersion = 46;
	objects = {

/* Begin PBXBuildFile section */
		D7A0EC6A18EBD56D0039BD7C /* Foundation.framework in Frameworks */ = {isa = PBXBuildFile; fileRef = D7A0EC6918EBD56D0039BD7C /* Foundation.framework */; };
		D7A0EC6C18EBD56D0039BD7C /* CoreGraphics.framework in Frameworks */ = {isa = PBXBuildFile; fileRef = D7A0EC6B18EBD56D0039BD7C /* CoreGraphics.framework */; };
		D7A0EC6E18EBD56D0039BD7C /* UIKit.framework in Frameworks */ = {isa = PBXBuildFile; fileRef = D7A0EC6D18EBD56D0039BD7C /* UIKit.framework */; };
		D7A0EC7418EBD56D0039BD7C /* InfoPlist.strings in Resources */ = {isa = PBXBuildFile; fileRef = D7A0EC7218EBD56D0039BD7C /* InfoPlist.strings */; };
		D7A0EC7618EBD56D0039BD7C /* main.m in Sources */ = {isa = PBXBuildFile; fileRef = D7A0EC7518EBD56D0039BD7C /* main.m */; };
		D7A0EC7A18EBD56D0039BD7C /* TPAppDelegate.m in Sources */ = {isa = PBXBuildFile; fileRef = D7A0EC7918EBD56D0039BD7C /* TPAppDelegate.m */; };
		D7A0EC7D18EBD56D0039BD7C /* Main.storyboard in Resources */ = {isa = PBXBuildFile; fileRef = D7A0EC7B18EBD56D0039BD7C /* Main.storyboard */; };
		D7A0EC8018EBD56D0039BD7C /* TPViewController.m in Sources */ = {isa = PBXBuildFile; fileRef = D7A0EC7F18EBD56D0039BD7C /* TPViewController.m */; };
		D7A0EC8218EBD56D0039BD7C /* Images.xcassets in Resources */ = {isa = PBXBuildFile; fileRef = D7A0EC8118EBD56D0039BD7C /* Images.xcassets */; };
		D7A0EC8918EBD56D0039BD7C /* XCTest.framework in Frameworks */ = {isa = PBXBuildFile; fileRef = D7A0EC8818EBD56D0039BD7C /* XCTest.framework */; };
		D7A0EC8A18EBD56D0039BD7C /* Foundation.framework in Frameworks */ = {isa = PBXBuildFile; fileRef = D7A0EC6918EBD56D0039BD7C /* Foundation.framework */; };
		D7A0EC8B18EBD56D0039BD7C /* UIKit.framework in Frameworks */ = {isa = PBXBuildFile; fileRef = D7A0EC6D18EBD56D0039BD7C /* UIKit.framework */; };
		D7A0EC9318EBD56D0039BD7C /* InfoPlist.strings in Resources */ = {isa = PBXBuildFile; fileRef = D7A0EC9118EBD56D0039BD7C /* InfoPlist.strings */; };
		D7A0EC9518EBD56D0039BD7C /* jsonTestTests.m in Sources */ = {isa = PBXBuildFile; fileRef = D7A0EC9418EBD56D0039BD7C /* jsonTestTests.m */; };
/* End PBXBuildFile section */

/* Begin PBXContainerItemProxy section */
		D7A0EC8C18EBD56D0039BD7C /* PBXContainerItemProxy */ = {
			isa = PBXContainerItemProxy;
			containerPortal = D7A0EC5E18EBD56D0039BD7C /* Project object */;
			proxyType = 1;
			remoteGlobalIDString = D7A0EC6518EBD56D0039BD7C;
			remoteInfo = jsonTest;
		};
/* End PBXContainerItemProxy section */

/* Begin PBXFileReference section */
		D7A0EC6618EBD56D0039BD7C /* jsonTest.app */ = {isa = PBXFileReference; explicitFileType = wrapper.application; includeInIndex = 0; path = jsonTest.app; sourceTree = BUILT_PRODUCTS_DIR; };
		D7A0EC6918EBD56D0039BD7C /* Foundation.framework */ = {isa = PBXFileReference; lastKnownFileType = wrapper.framework; name = Foundation.framework; path = System/Library/Frameworks/Foundation.framework; sourceTree = SDKROOT; };
		D7A0EC6B18EBD56D0039BD7C /* CoreGraphics.framework */ = {isa = PBXFileReference; lastKnownFileType = wrapper.framework; name = CoreGraphics.framework; path = System/Library/Frameworks/CoreGraphics.framework; sourceTree = SDKROOT; };
		D7A0EC6D18EBD56D0039BD7C /* UIKit.framework */ = {isa = PBXFileReference; lastKnownFileType = wrapper.framework; name = UIKit.framework; path = System/Library/Frameworks/UIKit.framework; sourceTree = SDKROOT; };
		D7A0EC7118EBD56D0039BD7C /* jsonTest-Info.plist */ = {isa = PBXFileReference; lastKnownFileType = text.plist.xml; path = "jsonTest-Info.plist"; sourceTree = "<group>"; };
		D7A0EC7318EBD56D0039BD7C /* en */ = {isa = PBXFileReference; lastKnownFileType = text.plist.strings; name = en; path = en.lproj/InfoPlist.strings; sourceTree = "<group>"; };
		D7A0EC7518EBD56D0039BD7C /* main.m */ = {isa = PBXFileReference; lastKnownFileType = sourcecode.c.objc; path = main.m; sourceTree = "<group>"; };
		D7A0EC7718EBD56D0039BD7C /* jsonTest-Prefix.pch */ = {isa = PBXFileReference; lastKnownFileType = sourcecode.c.h; path = "jsonTest-Prefix.pch"; sourceTree = "<group>"; };
		D7A0EC7818EBD56D0039BD7C /* TPAppDelegate.h */ = {isa = PBXFileReference; lastKnownFileType = sourcecode.c.h; path = TPAppDelegate.h; sourceTree = "<group>"; };
		D7A0EC7918EBD56D0039BD7C /* TPAppDelegate.m */ = {isa = PBXFileReference; lastKnownFileType = sourcecode.c.objc; path = TPAppDelegate.m; sourceTree = "<group>"; };
		D7A0EC7C18EBD56D0039BD7C /* Base */ = {isa = PBXFileReference; lastKnownFileType = file.storyboard; name = Base; path = Base.lproj/Main.storyboard; sourceTree = "<group>"; };
		D7A0EC7E18EBD56D0039BD7C /* TPViewController.h */ = {isa = PBXFileReference; lastKnownFileType = sourcecode.c.h; path = TPViewController.h; sourceTree = "<group>"; };
		D7A0EC7F18EBD56D0039BD7C /* TPViewController.m */ = {isa = PBXFileReference; lastKnownFileType = sourcecode.c.objc; path = TPViewController.m; sourceTree = "<group>"; };
		D7A0EC8118EBD56D0039BD7C /* Images.xcassets */ = {isa = PBXFileReference; lastKnownFileType = folder.assetcatalog; path = Images.xcassets; sourceTree = "<group>"; };
		D7A0EC8718EBD56D0039BD7C /* jsonTestTests.xctest */ = {isa = PBXFileReference; explicitFileType = wrapper.cfbundle; includeInIndex = 0; path = jsonTestTests.xctest; sourceTree = BUILT_PRODUCTS_DIR; };
		D7A0EC8818EBD56D0039BD7C /* XCTest.framework */ = {isa = PBXFileReference; lastKnownFileType = wrapper.framework; name = XCTest.framework; path = Library/Frameworks/XCTest.framework; sourceTree = DEVELOPER_DIR; };
		D7A0EC9018EBD56D0039BD7C /* jsonTestTests-Info.plist */ = {isa = PBXFileReference; lastKnownFileType = text.plist.xml; path = "jsonTestTests-Info.plist"; sourceTree = "<group>"; };
		D7A0EC9218EBD56D0039BD7C /* en */ = {isa = PBXFileReference; lastKnownFileType = text.plist.strings; name = en; path = en.lproj/InfoPlist.strings; sourceTree = "<group>"; };
		D7A0EC9418EBD56D0039BD7C /* jsonTestTests.m */ = {isa = PBXFileReference; lastKnownFileType = sourcecode.c.objc; path = jsonTestTests.m; sourceTree = "<group>"; };
/* End PBXFileReference section */

/* Begin PBXFrameworksBuildPhase section */
		D7A0EC6318EBD56D0039BD7C /* Frameworks */ = {
			isa = PBXFrameworksBuildPhase;
			buildActionMask = 2147483647;
			files = (
				D7A0EC6C18EBD56D0039BD7C /* CoreGraphics.framework in Frameworks */,
				D7A0EC6E18EBD56D0039BD7C /* UIKit.framework in Frameworks */,
				D7A0EC6A18EBD56D0039BD7C /* Foundation.framework in Frameworks */,
			);
			runOnlyForDeploymentPostprocessing = 0;
		};
		D7A0EC8418EBD56D0039BD7C /* Frameworks */ = {
			isa = PBXFrameworksBuildPhase;
			buildActionMask = 2147483647;
			files = (
				D7A0EC8918EBD56D0039BD7C /* XCTest.framework in Frameworks */,
				D7A0EC8B18EBD56D0039BD7C /* UIKit.framework in Frameworks */,
				D7A0EC8A18EBD56D0039BD7C /* Foundation.framework in Frameworks */,
			);
			runOnlyForDeploymentPostprocessing = 0;
		};
/* End PBXFrameworksBuildPhase section */

/* Begin PBXGroup section */
		D7A0EC5D18EBD56D0039BD7C = {
			isa = PBXGroup;
			children = (
				D7A0EC6F18EBD56D0039BD7C /* jsonTest */,
				D7A0EC8E18EBD56D0039BD7C /* jsonTestTests */,
				D7A0EC6818EBD56D0039BD7C /* Frameworks */,
				D7A0EC6718EBD56D0039BD7C /* Products */,
			);
			sourceTree = "<group>";
		};
		D7A0EC6718EBD56D0039BD7C /* Products */ = {
			isa = PBXGroup;
			children = (
				D7A0EC6618EBD56D0039BD7C /* jsonTest.app */,
				D7A0EC8718EBD56D0039BD7C /* jsonTestTests.xctest */,
			);
			name = Products;
			sourceTree = "<group>";
		};
		D7A0EC6818EBD56D0039BD7C /* Frameworks */ = {
			isa = PBXGroup;
			children = (
				D7A0EC6918EBD56D0039BD7C /* Foundation.framework */,
				D7A0EC6B18EBD56D0039BD7C /* CoreGraphics.framework */,
				D7A0EC6D18EBD56D0039BD7C /* UIKit.framework */,
				D7A0EC8818EBD56D0039BD7C /* XCTest.framework */,
			);
			name = Frameworks;
			sourceTree = "<group>";
		};
		D7A0EC6F18EBD56D0039BD7C /* jsonTest */ = {
			isa = PBXGroup;
			children = (
				D7A0EC7818EBD56D0039BD7C /* TPAppDelegate.h */,
				D7A0EC7918EBD56D0039BD7C /* TPAppDelegate.m */,
				D7A0EC7B18EBD56D0039BD7C /* Main.storyboard */,
				D7A0EC7E18EBD56D0039BD7C /* TPViewController.h */,
				D7A0EC7F18EBD56D0039BD7C /* TPViewController.m */,
				D7A0EC8118EBD56D0039BD7C /* Images.xcassets */,
				D7A0EC7018EBD56D0039BD7C /* Supporting Files */,
			);
			path = jsonTest;
			sourceTree = "<group>";
		};
		D7A0EC7018EBD56D0039BD7C /* Supporting Files */ = {
			isa = PBXGroup;
			children = (
				D7A0EC7118EBD56D0039BD7C /* jsonTest-Info.plist */,
				D7A0EC7218EBD56D0039BD7C /* InfoPlist.strings */,
				D7A0EC7518EBD56D0039BD7C /* main.m */,
				D7A0EC7718EBD56D0039BD7C /* jsonTest-Prefix.pch */,
			);
			name = "Supporting Files";
			sourceTree = "<group>";
		};
		D7A0EC8E18EBD56D0039BD7C /* jsonTestTests */ = {
			isa = PBXGroup;
			children = (
				D7A0EC9418EBD56D0039BD7C /* jsonTestTests.m */,
				D7A0EC8F18EBD56D0039BD7C /* Supporting Files */,
			);
			path = jsonTestTests;
			sourceTree = "<group>";
		};
		D7A0EC8F18EBD56D0039BD7C /* Supporting Files */ = {
			isa = PBXGroup;
			children = (
				D7A0EC9018EBD56D0039BD7C /* jsonTestTests-Info.plist */,
				D7A0EC9118EBD56D0039BD7C /* InfoPlist.strings */,
			);
			name = "Supporting Files";
			sourceTree = "<group>";
		};
/* End PBXGroup section */

/* Begin PBXNativeTarget section */
		D7A0EC6518EBD56D0039BD7C /* jsonTest */ = {
			isa = PBXNativeTarget;
			buildConfigurationList = D7A0EC9818EBD56D0039BD7C /* Build configuration list for PBXNativeTarget "jsonTest" */;
			buildPhases = (
				D7A0EC6218EBD56D0039BD7C /* Sources */,
				D7A0EC6318EBD56D0039BD7C /* Frameworks */,
				D7A0EC6418EBD56D0039BD7C /* Resources */,
			);
			buildRules = (
			);
			dependencies = (
			);
			name = jsonTest;
			productName = jsonTest;
			productReference = D7A0EC6618EBD56D0039BD7C /* jsonTest.app */;
			productType = "com.apple.product-type.application";
		};
		D7A0EC8618EBD56D0039BD7C /* jsonTestTests */ = {
			isa = PBXNativeTarget;
			buildConfigurationList = D7A0EC9B18EBD56D0039BD7C /* Build configuration list for PBXNativeTarget "jsonTestTests" */;
			buildPhases = (
				D7A0EC8318EBD56D0039BD7C /* Sources */,
				D7A0EC8418EBD56D0039BD7C /* Frameworks */,
				D7A0EC8518EBD56D0039BD7C /* Resources */,
			);
			buildRules = (
			);
			dependencies = (
				D7A0EC8D18EBD56D0039BD7C /* PBXTargetDependency */,
			);
			name = jsonTestTests;
			productName = jsonTestTests;
			productReference = D7A0EC8718EBD56D0039BD7C /* jsonTestTests.xctest */;
			productType = "com.apple.product-type.bundle.unit-test";
		};
/* End PBXNativeTarget section */

/* Begin PBXProject section */
		D7A0EC5E18EBD56D0039BD7C /* Project object */ = {
			isa = PBXProject;
			attributes = {
				CLASSPREFIX = TP;
				LastUpgradeCheck = 0510;
				ORGANIZATIONNAME = potter.io;
				TargetAttributes = {
					D7A0EC8618EBD56D0039BD7C = {
						TestTargetID = D7A0EC6518EBD56D0039BD7C;
					};
				};
			};
			buildConfigurationList = D7A0EC6118EBD56D0039BD7C /* Build configuration list for PBXProject "jsonTest" */;
			compatibilityVersion = "Xcode 3.2";
			developmentRegion = English;
			hasScannedForEncodings = 0;
			knownRegions = (
				en,
				Base,
			);
			mainGroup = D7A0EC5D18EBD56D0039BD7C;
			productRefGroup = D7A0EC6718EBD56D0039BD7C /* Products */;
			projectDirPath = "";
			projectRoot = "";
			targets = (
				D7A0EC6518EBD56D0039BD7C /* jsonTest */,
				D7A0EC8618EBD56D0039BD7C /* jsonTestTests */,
			);
		};
/* End PBXProject section */

/* Begin PBXResourcesBuildPhase section */
		D7A0EC6418EBD56D0039BD7C /* Resources */ = {
			isa = PBXResourcesBuildPhase;
			buildActionMask = 2147483647;
			files = (
				D7A0EC8218EBD56D0039BD7C /* Images.xcassets in Resources */,
				D7A0EC7418EBD56D0039BD7C /* InfoPlist.strings in Resources */,
				D7A0EC7D18EBD56D0039BD7C /* Main.storyboard in Resources */,
			);
			runOnlyForDeploymentPostprocessing = 0;
		};
		D7A0EC8518EBD56D0039BD7C /* Resources */ = {
			isa = PBXResourcesBuildPhase;
			buildActionMask = 2147483647;
			files = (
				D7A0EC9318EBD56D0039BD7C /* InfoPlist.strings in Resources */,
			);
			runOnlyForDeploymentPostprocessing = 0;
		};
/* End PBXResourcesBuildPhase section */

/* Begin PBXSourcesBuildPhase section */
		D7A0EC6218EBD56D0039BD7C /* Sources */ = {
			isa = PBXSourcesBuildPhase;
			buildActionMask = 2147483647;
			files = (
				D7A0EC8018EBD56D0039BD7C /* TPViewController.m in Sources */,
				D7A0EC7A18EBD56D0039BD7C /* TPAppDelegate.m in Sources */,
				D7A0EC7618EBD56D0039BD7C /* main.m in Sources */,
			);
			runOnlyForDeploymentPostprocessing = 0;
		};
		D7A0EC8318EBD56D0039BD7C /* Sources */ = {
			isa = PBXSourcesBuildPhase;
			buildActionMask = 2147483647;
			files = (
				D7A0EC9518EBD56D0039BD7C /* jsonTestTests.m in Sources */,
			);
			runOnlyForDeploymentPostprocessing = 0;
		};
/* End PBXSourcesBuildPhase section */

/* Begin PBXTargetDependency section */
		D7A0EC8D18EBD56D0039BD7C /* PBXTargetDependency */ = {
			isa = PBXTargetDependency;
			target = D7A0EC6518EBD56D0039BD7C /* jsonTest */;
			targetProxy = D7A0EC8C18EBD56D0039BD7C /* PBXContainerItemProxy */;
		};
/* End PBXTargetDependency section */

/* Begin PBXVariantGroup section */
		D7A0EC7218EBD56D0039BD7C /* InfoPlist.strings */ = {
			isa = PBXVariantGroup;
			children = (
				D7A0EC7318EBD56D0039BD7C /* en */,
			);
			name = InfoPlist.strings;
			sourceTree = "<group>";
		};
		D7A0EC7B18EBD56D0039BD7C /* Main.storyboard */ = {
			isa = PBXVariantGroup;
			children = (
				D7A0EC7C18EBD56D0039BD7C /* Base */,
			);
			name = Main.storyboard;
			sourceTree = "<group>";
		};
		D7A0EC9118EBD56D0039BD7C /* InfoPlist.strings */ = {
			isa = PBXVariantGroup;
			children = (
				D7A0EC9218EBD56D0039BD7C /* en */,
			);
			name = InfoPlist.strings;
			sourceTree = "<group>";
		};
/* End PBXVariantGroup section */

/* Begin XCBuildConfiguration section */
		D7A0EC9618EBD56D0039BD7C /* Debug */ = {
			isa = XCBuildConfiguration;
			buildSettings = {
				ALWAYS_SEARCH_USER_PATHS = NO;
				CLANG_CXX_LANGUAGE_STANDARD = "gnu++0x";
				CLANG_CXX_LIBRARY = "libc++";
				CLANG_ENABLE_MODULES = YES;
				CLANG_ENABLE_OBJC_ARC = YES;
				CLANG_WARN_BOOL_CONVERSION = YES;
				CLANG_WARN_CONSTANT_CONVERSION = YES;
				CLANG_WARN_DIRECT_OBJC_ISA_USAGE = YES_ERROR;
				CLANG_WARN_EMPTY_BODY = YES;
				CLANG_WARN_ENUM_CONVERSION = YES;
				CLANG_WARN_INT_CONVERSION = YES;
				CLANG_WARN_OBJC_ROOT_CLASS = YES_ERROR;
				CLANG_WARN__DUPLICATE_METHOD_MATCH = YES;
				"CODE_SIGN_IDENTITY[sdk=iphoneos*]" = "iPhone Developer";
				COPY_PHASE_STRIP = NO;
				GCC_C_LANGUAGE_STANDARD = gnu99;
				GCC_DYNAMIC_NO_PIC = NO;
				GCC_OPTIMIZATION_LEVEL = 0;
				GCC_PREPROCESSOR_DEFINITIONS = (
					"DEBUG=1",
					"$(inherited)",
				);
				GCC_SYMBOLS_PRIVATE_EXTERN = NO;
				GCC_WARN_64_TO_32_BIT_CONVERSION = YES;
				GCC_WARN_ABOUT_RETURN_TYPE = YES_ERROR;
				GCC_WARN_UNDECLARED_SELECTOR = YES;
				GCC_WARN_UNINITIALIZED_AUTOS = YES_AGGRESSIVE;
				GCC_WARN_UNUSED_FUNCTION = YES;
				GCC_WARN_UNUSED_VARIABLE = YES;
				IPHONEOS_DEPLOYMENT_TARGET = 7.1;
				ONLY_ACTIVE_ARCH = YES;
				SDKROOT = iphoneos;
			};
			name = Debug;
		};
		D7A0EC9718EBD56D0039BD7C /* Release */ = {
			isa = XCBuildConfiguration;
			buildSettings = {
				ALWAYS_SEARCH_USER_PATHS = NO;
				CLANG_CXX_LANGUAGE_STANDARD = "gnu++0x";
				CLANG_CXX_LIBRARY = "libc++";
				CLANG_ENABLE_MODULES = YES;
				CLANG_ENABLE_OBJC_ARC = YES;
				CLANG_WARN_BOOL_CONVERSION = YES;
				CLANG_WARN_CONSTANT_CONVERSION = YES;
				CLANG_WARN_DIRECT_OBJC_ISA_USAGE = YES_ERROR;
				CLANG_WARN_EMPTY_BODY = YES;
				CLANG_WARN_ENUM_CONVERSION = YES;
				CLANG_WARN_INT_CONVERSION = YES;
				CLANG_WARN_OBJC_ROOT_CLASS = YES_ERROR;
				CLANG_WARN__DUPLICATE_METHOD_MATCH = YES;
				"CODE_SIGN_IDENTITY[sdk=iphoneos*]" = "iPhone Developer";
				COPY_PHASE_STRIP = YES;
				ENABLE_NS_ASSERTIONS = NO;
				GCC_C_LANGUAGE_STANDARD = gnu99;
				GCC_WARN_64_TO_32_BIT_CONVERSION = YES;
				GCC_WARN_ABOUT_RETURN_TYPE = YES_ERROR;
				GCC_WARN_UNDECLARED_SELECTOR = YES;
				GCC_WARN_UNINITIALIZED_AUTOS = YES_AGGRESSIVE;
				GCC_WARN_UNUSED_FUNCTION = YES;
				GCC_WARN_UNUSED_VARIABLE = YES;
				IPHONEOS_DEPLOYMENT_TARGET = 7.1;
				SDKROOT = iphoneos;
				VALIDATE_PRODUCT = YES;
			};
			name = Release;
		};
		D7A0EC9918EBD56D0039BD7C /* Debug */ = {
			isa = XCBuildConfiguration;
			buildSettings = {
				ASSETCATALOG_COMPILER_APPICON_NAME = AppIcon;
				ASSETCATALOG_COMPILER_LAUNCHIMAGE_NAME = LaunchImage;
				GCC_PRECOMPILE_PREFIX_HEADER = YES;
				GCC_PREFIX_HEADER = "jsonTest/jsonTest-Prefix.pch";
				INFOPLIST_FILE = "jsonTest/jsonTest-Info.plist";
				PRODUCT_NAME = "$(TARGET_NAME)";
				WRAPPER_EXTENSION = app;
			};
			name = Debug;
		};
		D7A0EC9A18EBD56D0039BD7C /* Release */ = {
			isa = XCBuildConfiguration;
			buildSettings = {
				ASSETCATALOG_COMPILER_APPICON_NAME = AppIcon;
				ASSETCATALOG_COMPILER_LAUNCHIMAGE_NAME = LaunchImage;
				GCC_PRECOMPILE_PREFIX_HEADER = YES;
				GCC_PREFIX_HEADER = "jsonTest/jsonTest-Prefix.pch";
				INFOPLIST_FILE = "jsonTest/jsonTest-Info.plist";
				PRODUCT_NAME = "$(TARGET_NAME)";
				WRAPPER_EXTENSION = app;
			};
			name = Release;
		};
		D7A0EC9C18EBD56D0039BD7C /* Debug */ = {
			isa = XCBuildConfiguration;
			buildSettings = {
				BUNDLE_LOADER = "$(BUILT_PRODUCTS_DIR)/jsonTest.app/jsonTest";
				FRAMEWORK_SEARCH_PATHS = (
					"$(SDKROOT)/Developer/Library/Frameworks",
					"$(inherited)",
					"$(DEVELOPER_FRAMEWORKS_DIR)",
				);
				GCC_PRECOMPILE_PREFIX_HEADER = YES;
				GCC_PREFIX_HEADER = "jsonTest/jsonTest-Prefix.pch";
				GCC_PREPROCESSOR_DEFINITIONS = (
					"DEBUG=1",
					"$(inherited)",
				);
				INFOPLIST_FILE = "jsonTestTests/jsonTestTests-Info.plist";
				PRODUCT_NAME = "$(TARGET_NAME)";
				TEST_HOST = "$(BUNDLE_LOADER)";
				WRAPPER_EXTENSION = xctest;
			};
			name = Debug;
		};
		D7A0EC9D18EBD56D0039BD7C /* Release */ = {
			isa = XCBuildConfiguration;
			buildSettings = {
				BUNDLE_LOADER = "$(BUILT_PRODUCTS_DIR)/jsonTest.app/jsonTest";
				FRAMEWORK_SEARCH_PATHS = (
					"$(SDKROOT)/Developer/Library/Frameworks",
					"$(inherited)",
					"$(DEVELOPER_FRAMEWORKS_DIR)",
				);
				GCC_PRECOMPILE_PREFIX_HEADER = YES;
				GCC_PREFIX_HEADER = "jsonTest/jsonTest-Prefix.pch";
				INFOPLIST_FILE = "jsonTestTests/jsonTestTests-Info.plist";
				PRODUCT_NAME = "$(TARGET_NAME)";
				TEST_HOST = "$(BUNDLE_LOADER)";
				WRAPPER_EXTENSION = xctest;
			};
			name = Release;
		};
/* End XCBuildConfiguration section */

/* Begin XCConfigurationList section */
		D7A0EC6118EBD56D0039BD7C /* Build configuration list for PBXProject "jsonTest" */ = {
			isa = XCConfigurationList;
			buildConfigurations = (
				D7A0EC9618EBD56D0039BD7C /* Debug */,
				D7A0EC9718EBD56D0039BD7C /* Release */,
			);
			defaultConfigurationIsVisible = 0;
			defaultConfigurationName = Release;
		};
		D7A0EC9818EBD56D0039BD7C /* Build configuration list for PBXNativeTarget "jsonTest" */ = {
			isa = XCConfigurationList;
			buildConfigurations = (
				D7A0EC9918EBD56D0039BD7C /* Debug */,
				D7A0EC9A18EBD56D0039BD7C /* Release */,
			);
			defaultConfigurationIsVisible = 0;
		};
		D7A0EC9B18EBD56D0039BD7C /* Build configuration list for PBXNativeTarget "jsonTestTests" */ = {
			isa = XCConfigurationList;
			buildConfigurations = (
				D7A0EC9C18EBD56D0039BD7C /* Debug */,
				D7A0EC9D18EBD56D0039BD7C /* Release */,
			);
			defaultConfigurationIsVisible = 0;
		};
/* End XCConfigurationList section */
	};
	rootObject = D7A0EC5E18EBD56D0039BD7C /* Project object */;
}
